
Microsoft Visual Studio Solution File, Format Version 12.00
# Visual Studio Version 17
VisualStudioVersion = 17.10.34928.147
MinimumVisualStudioVersion = 10.0.40219.1
Project("{FAE04EC0-301F-11D3-BF4B-00C04F79EFBC}") = "WiredBrainCoffee.CustomersApp", "WiredBrainCoffee.CustomersApp\WiredBrainCoffee.CustomersApp.csproj", "{3781D096-593A-4390-9BF9-DBB0A7AE4A40}"
EndProject
Global
	GlobalSection(SolutionConfigurationPlatforms) = preSolution
		Debug|Any CPU = Debug|Any CPU
		Release|Any CPU = Release|Any CPU
	EndGlobalSection
	GlobalSection(ProjectConfigurationPlatforms) = postSolution
		{3781D096-593A-4390-9BF9-DBB0A7AE4A40}.Debug|Any CPU.ActiveCfg = Debug|Any CPU
		{3781D096-593A-4390-9BF9-DBB0A7AE4A40}.Debug|Any CPU.Build.0 = Debug|Any CPU
		{3781D096-593A-4390-9BF9-DBB0A7AE4A40}.Release|Any CPU.ActiveCfg = Release|Any CPU
		{3781D096-593A-4390-9BF9-DBB0A7AE4A40}.Release|Any CPU.Build.0 = Release|Any CPU
	EndGlobalSection
	GlobalSection(SolutionProperties) = preSolution
		HideSolutionNode = FALSE
	EndGlobalSection
	GlobalSection(ExtensibilityGlobals) = postSolution
		SolutionGuid = {82B87239-6A74-4C06-8DF4-D6B99EB25264}
	EndGlobalSection
EndGlobal
